
Microsoft Visual Studio Solution File, Format Version 12.00
# Visual Studio Version 17
VisualStudioVersion = 17.7.34221.43
MinimumVisualStudioVersion = 10.0.40219.1
Project("{FAE04EC0-301F-11D3-BF4B-00C04F79EFBC}") = "AzureAISearchASPNETWeb", "AzureAISearchASPNETWeb\AzureAISearchASPNETWeb.csproj", "{B287198C-745E-49A8-835D-A39940DDA8E5}"
EndProject
Global
	GlobalSection(SolutionConfigurationPlatforms) = preSolution
		Debug|Any CPU = Debug|Any CPU
		Release|Any CPU = Release|Any CPU
	EndGlobalSection
	GlobalSection(ProjectConfigurationPlatforms) = postSolution
		{B287198C-745E-49A8-835D-A39940DDA8E5}.Debug|Any CPU.ActiveCfg = Debug|Any CPU
		{B287198C-745E-49A8-835D-A39940DDA8E5}.Debug|Any CPU.Build.0 = Debug|Any CPU
		{B287198C-745E-49A8-835D-A39940DDA8E5}.Release|Any CPU.ActiveCfg = Release|Any CPU
		{B287198C-745E-49A8-835D-A39940DDA8E5}.Release|Any CPU.Build.0 = Release|Any CPU
	EndGlobalSection
	GlobalSection(SolutionProperties) = preSolution
		HideSolutionNode = FALSE
	EndGlobalSection
	GlobalSection(ExtensibilityGlobals) = postSolution
		SolutionGuid = {FCCB2761-7BB1-4D07-AE6D-74E1A469791B}
	EndGlobalSection
EndGlobal
